
Microsoft Visual Studio Solution File, Format Version 12.00
# Visual Studio Version 16
VisualStudioVersion = 16.0.31613.86
MinimumVisualStudioVersion = 10.0.40219.1
Project("{FAE04EC0-301F-11D3-BF4B-00C04F79EFBC}") = "Termoo", "Termoo.csproj", "{9DB327DB-B4CE-47BE-B47F-701B7D26F2BA}"
EndProject
Global
	GlobalSection(SolutionConfigurationPlatforms) = preSolution
		Debug|Any CPU = Debug|Any CPU
		Release|Any CPU = Release|Any CPU
	EndGlobalSection
	GlobalSection(ProjectConfigurationPlatforms) = postSolution
		{9DB327DB-B4CE-47BE-B47F-701B7D26F2BA}.Debug|Any CPU.ActiveCfg = Debug|Any CPU
		{9DB327DB-B4CE-47BE-B47F-701B7D26F2BA}.Debug|Any CPU.Build.0 = Debug|Any CPU
		{9DB327DB-B4CE-47BE-B47F-701B7D26F2BA}.Release|Any CPU.ActiveCfg = Release|Any CPU
		{9DB327DB-B4CE-47BE-B47F-701B7D26F2BA}.Release|Any CPU.Build.0 = Release|Any CPU
	EndGlobalSection
	GlobalSection(SolutionProperties) = preSolution
		HideSolutionNode = FALSE
	EndGlobalSection
	GlobalSection(ExtensibilityGlobals) = postSolution
		SolutionGuid = {A7C33B0F-27A5-49EB-B2D8-A080705E2470}
	EndGlobalSection
EndGlobal
